
Microsoft Visual Studio Solution File, Format Version 12.00
# Visual Studio Version 16
VisualStudioVersion = 16.0.32510.428
MinimumVisualStudioVersion = 10.0.40219.1
Project("{FAE04EC0-301F-11D3-BF4B-00C04F79EFBC}") = "Test-Carol", "Test-Carol.csproj", "{C26524AD-605B-4A12-96FD-058E18ED273F}"
EndProject
Global
	GlobalSection(SolutionConfigurationPlatforms) = preSolution
		Debug|Any CPU = Debug|Any CPU
		Release|Any CPU = Release|Any CPU
	EndGlobalSection
	GlobalSection(ProjectConfigurationPlatforms) = postSolution
		{C26524AD-605B-4A12-96FD-058E18ED273F}.Debug|Any CPU.ActiveCfg = Debug|Any CPU
		{C26524AD-605B-4A12-96FD-058E18ED273F}.Debug|Any CPU.Build.0 = Debug|Any CPU
		{C26524AD-605B-4A12-96FD-058E18ED273F}.Release|Any CPU.ActiveCfg = Release|Any CPU
		{C26524AD-605B-4A12-96FD-058E18ED273F}.Release|Any CPU.Build.0 = Release|Any CPU
	EndGlobalSection
	GlobalSection(SolutionProperties) = preSolution
		HideSolutionNode = FALSE
	EndGlobalSection
	GlobalSection(ExtensibilityGlobals) = postSolution
		SolutionGuid = {2DECE3DA-4F99-4A6C-A3EC-A559B449476E}
	EndGlobalSection
EndGlobal
